<?xml version="1.0" encoding="utf-8"?>
<Project ToolsVersion="4.0" xmlns="http://schemas.microsoft.com/developer/msbuild/2003">
  <ItemGroup>
    <ClInclude Include="communication.h">
      <Filter>头文件</Filter>
    </ClInclude>
    <ClInclude Include="imports.h">
      <Filter>头文件</Filter>
    </ClInclude>
    <ClInclude Include="memoryUtils.h">
      <Filter>MemoryUtils</Filter>
    </ClInclude>
    <ClInclude Include="processUtils.h">
      <Filter>ProcessUtils</Filter>
    </ClInclude>
    <ClInclude Include="common.h">
      <Filter>Common</Filter>
    </ClInclude>
    <ClInclude Include="connUtils.h">
      <Filter>ConnUtils</Filter>
    </ClInclude>
    <ClInclude Include="OperDispatcher.h">
      <Filter>OperDispatcher</Filter>
    </ClInclude>
    <ClInclude Include="fileUtils.h">
      <Filter>FileUtils</Filter>
    </ClInclude>
    <ClInclude Include="shellcode.h">
      <Filter>Shellcode</Filter>
    </ClInclude>
    <ClInclude Include="processDef.h">
      <Filter>ProcessUtils</Filter>
    </ClInclude>
  </ItemGroup>
  <ItemGroup>
    <Filter Include="源文件">
      <UniqueIdentifier>{485bed0f-da04-43dd-9d36-72a8c0c6113c}</UniqueIdentifier>
    </Filter>
    <Filter Include="头文件">
      <UniqueIdentifier>{4e1454ce-4cb2-4fed-b801-d5c8c6d46437}</UniqueIdentifier>
    </Filter>
    <Filter Include="MemoryUtils">
      <UniqueIdentifier>{2aac5b3c-0be8-4fc4-a7b8-eb348ab83e47}</UniqueIdentifier>
    </Filter>
    <Filter Include="ProcessUtils">
      <UniqueIdentifier>{007c45a4-1771-4d49-a670-8ac912f17cd5}</UniqueIdentifier>
    </Filter>
    <Filter Include="Common">
      <UniqueIdentifier>{3519e969-5e7b-4c6a-b44b-4883a27ec2f3}</UniqueIdentifier>
    </Filter>
    <Filter Include="ConnUtils">
      <UniqueIdentifier>{130f4c34-5bbd-4efe-8279-5a857f590220}</UniqueIdentifier>
    </Filter>
    <Filter Include="OperDispatcher">
      <UniqueIdentifier>{c2a40dc3-eb62-4557-ab68-679c0ebabc1b}</UniqueIdentifier>
    </Filter>
    <Filter Include="FileUtils">
      <UniqueIdentifier>{04eab4b2-c84c-4fba-9def-d56d64dfb5c3}</UniqueIdentifier>
    </Filter>
    <Filter Include="Shellcode">
      <UniqueIdentifier>{fed9bcbb-b026-47da-abe9-4445fd32f4d2}</UniqueIdentifier>
    </Filter>
  </ItemGroup>
  <ItemGroup>
    <ClCompile Include="DriverEntry.cpp">
      <Filter>源文件</Filter>
    </ClCompile>
    <ClCompile Include="memoryUtils.cpp">
      <Filter>MemoryUtils</Filter>
    </ClCompile>
    <ClCompile Include="processUtils.cpp">
      <Filter>ProcessUtils</Filter>
    </ClCompile>
    <ClCompile Include="common.cpp">
      <Filter>Common</Filter>
    </ClCompile>
    <ClCompile Include="connUtils.cpp">
      <Filter>ConnUtils</Filter>
    </ClCompile>
    <ClCompile Include="OperDispatcher.cpp">
      <Filter>OperDispatcher</Filter>
    </ClCompile>
    <ClCompile Include="fileUtils.cpp">
      <Filter>FileUtils</Filter>
    </ClCompile>
    <ClCompile Include="shellcode.cpp">
      <Filter>Shellcode</Filter>
    </ClCompile>
  </ItemGroup>
</Project>